// !$*UTF8*$!
{
	archiveVersion = 1;
	classes = {
	};
	objectVersion = 46;
	objects = {

/* Begin PBXBuildFile section */
		1C0DA3B916B2DE520024770E /* icon_256x256.png in Resources */ = {isa = PBXBuildFile; fileRef = 1C0DA3B816B2DE520024770E /* icon_256x256.png */; };
		1C0DA3BC16B2E03B0024770E /* Key-icon.icns in Resources */ = {isa = PBXBuildFile; fileRef = 1C0DA3BB16B2E03B0024770E /* Key-icon.icns */; };
		1C7EC0FF16106834004E345D /* ConfigView.m in Sources */ = {isa = PBXBuildFile; fileRef = 1C7EC0FE16106834004E345D /* ConfigView.m */; };
		1CC87DEB15F0B339000F968D /* Cocoa.framework in Frameworks */ = {isa = PBXBuildFile; fileRef = 1CC87DEA15F0B339000F968D /* Cocoa.framework */; };
		1CC87DF515F0B339000F968D /* InfoPlist.strings in Resources */ = {isa = PBXBuildFile; fileRef = 1CC87DF315F0B339000F968D /* InfoPlist.strings */; };
		1CC87DF715F0B339000F968D /* main.m in Sources */ = {isa = PBXBuildFile; fileRef = 1CC87DF615F0B339000F968D /* main.m */; };
		1CC87DFB15F0B339000F968D /* Credits.rtf in Resources */ = {isa = PBXBuildFile; fileRef = 1CC87DF915F0B339000F968D /* Credits.rtf */; };
		1CC87DFE15F0B339000F968D /* AppDelegate.m in Sources */ = {isa = PBXBuildFile; fileRef = 1CC87DFD15F0B339000F968D /* AppDelegate.m */; };
		1CC87E0115F0B339000F968D /* MainMenu.xib in Resources */ = {isa = PBXBuildFile; fileRef = 1CC87DFF15F0B339000F968D /* MainMenu.xib */; };
		1CC87E1A15F0B4F0000F968D /* BackgroundView.m in Sources */ = {isa = PBXBuildFile; fileRef = 1CC87E0C15F0B4F0000F968D /* BackgroundView.m */; };
		1CC87E1B15F0B4F0000F968D /* DDHotKeyCenter.m in Sources */ = {isa = PBXBuildFile; fileRef = 1CC87E0E15F0B4F0000F968D /* DDHotKeyCenter.m */; };
		1CC87E1C15F0B4F0000F968D /* MenubarController.m in Sources */ = {isa = PBXBuildFile; fileRef = 1CC87E1015F0B4F0000F968D /* MenubarController.m */; };
		1CC87E1D15F0B4F0000F968D /* Panel.m in Sources */ = {isa = PBXBuildFile; fileRef = 1CC87E1215F0B4F0000F968D /* Panel.m */; };
		1CC87E1E15F0B4F0000F968D /* Panel.xib in Resources */ = {isa = PBXBuildFile; fileRef = 1CC87E1315F0B4F0000F968D /* Panel.xib */; };
		1CC87E1F15F0B4F0000F968D /* PanelController.m in Sources */ = {isa = PBXBuildFile; fileRef = 1CC87E1515F0B4F0000F968D /* PanelController.m */; };
		1CC87E2015F0B4F0000F968D /* Status.png in Resources */ = {isa = PBXBuildFile; fileRef = 1CC87E1615F0B4F0000F968D /* Status.png */; };
		1CC87E2115F0B4F0000F968D /* StatusHighlighted.png in Resources */ = {isa = PBXBuildFile; fileRef = 1CC87E1715F0B4F0000F968D /* StatusHighlighted.png */; };
		1CC87E2215F0B4F0000F968D /* StatusItemView.m in Sources */ = {isa = PBXBuildFile; fileRef = 1CC87E1915F0B4F0000F968D /* StatusItemView.m */; };
		1CC87E6D15F0B5A9000F968D /* AesInputStream.m in Sources */ = {isa = PBXBuildFile; fileRef = 1CC87E2715F0B5A9000F968D /* AesInputStream.m */; };
		1CC87E6E15F0B5A9000F968D /* AesOutputStream.m in Sources */ = {isa = PBXBuildFile; fileRef = 1CC87E2915F0B5A9000F968D /* AesOutputStream.m */; };
		1CC87E6F15F0B5A9000F968D /* Arc4RandomStream.m in Sources */ = {isa = PBXBuildFile; fileRef = 1CC87E2B15F0B5A9000F968D /* Arc4RandomStream.m */; };
		1CC87E7015F0B5A9000F968D /* Base64.m in Sources */ = {isa = PBXBuildFile; fileRef = 1CC87E2D15F0B5A9000F968D /* Base64.m */; };
		1CC87E7115F0B5A9000F968D /* DataInputStream.m in Sources */ = {isa = PBXBuildFile; fileRef = 1CC87E2F15F0B5A9000F968D /* DataInputStream.m */; };
		1CC87E7215F0B5A9000F968D /* DataOutputStream.m in Sources */ = {isa = PBXBuildFile; fileRef = 1CC87E3115F0B5A9000F968D /* DataOutputStream.m */; };
		1CC87E7315F0B5A9000F968D /* FileInputStream.m in Sources */ = {isa = PBXBuildFile; fileRef = 1CC87E3315F0B5A9000F968D /* FileInputStream.m */; };
		1CC87E7415F0B5A9000F968D /* FileOutputStream.m in Sources */ = {isa = PBXBuildFile; fileRef = 1CC87E3515F0B5A9000F968D /* FileOutputStream.m */; };
		1CC87E7515F0B5A9000F968D /* GZipInputStream.m in Sources */ = {isa = PBXBuildFile; fileRef = 1CC87E3715F0B5A9000F968D /* GZipInputStream.m */; };
		1CC87E7615F0B5A9000F968D /* GZipOutputStream.m in Sources */ = {isa = PBXBuildFile; fileRef = 1CC87E3915F0B5A9000F968D /* GZipOutputStream.m */; };
		1CC87E7715F0B5A9000F968D /* HashedInputStream.m in Sources */ = {isa = PBXBuildFile; fileRef = 1CC87E3B15F0B5A9000F968D /* HashedInputStream.m */; };
		1CC87E7815F0B5A9000F968D /* HashedOutputStream.m in Sources */ = {isa = PBXBuildFile; fileRef = 1CC87E3D15F0B5A9000F968D /* HashedOutputStream.m */; };
		1CC87E7915F0B5A9000F968D /* InputStream.m in Sources */ = {isa = PBXBuildFile; fileRef = 1CC87E3F15F0B5A9000F968D /* InputStream.m */; };
		1CC87E7A15F0B5A9000F968D /* Kdb.m in Sources */ = {isa = PBXBuildFile; fileRef = 1CC87E4115F0B5A9000F968D /* Kdb.m */; };
		1CC87E7B15F0B5A9000F968D /* Kdb3Date.m in Sources */ = {isa = PBXBuildFile; fileRef = 1CC87E4315F0B5A9000F968D /* Kdb3Date.m */; };
		1CC87E7C15F0B5A9000F968D /* Kdb3Node.m in Sources */ = {isa = PBXBuildFile; fileRef = 1CC87E4515F0B5A9000F968D /* Kdb3Node.m */; };
		1CC87E7D15F0B5A9000F968D /* Kdb3Parser.m in Sources */ = {isa = PBXBuildFile; fileRef = 1CC87E4715F0B5A9000F968D /* Kdb3Parser.m */; };
		1CC87E7E15F0B5A9000F968D /* Kdb3Persist.m in Sources */ = {isa = PBXBuildFile; fileRef = 1CC87E4915F0B5A9000F968D /* Kdb3Persist.m */; };
		1CC87E7F15F0B5A9000F968D /* Kdb3Reader.m in Sources */ = {isa = PBXBuildFile; fileRef = 1CC87E4B15F0B5A9000F968D /* Kdb3Reader.m */; };
		1CC87E8015F0B5A9000F968D /* Kdb3Writer.m in Sources */ = {isa = PBXBuildFile; fileRef = 1CC87E4D15F0B5A9000F968D /* Kdb3Writer.m */; };
		1CC87E8115F0B5A9000F968D /* Kdb4Node.m in Sources */ = {isa = PBXBuildFile; fileRef = 1CC87E4F15F0B5A9000F968D /* Kdb4Node.m */; };
		1CC87E8215F0B5A9000F968D /* Kdb4Parser.m in Sources */ = {isa = PBXBuildFile; fileRef = 1CC87E5115F0B5A9000F968D /* Kdb4Parser.m */; };
		1CC87E8315F0B5A9000F968D /* Kdb4Persist.m in Sources */ = {isa = PBXBuildFile; fileRef = 1CC87E5315F0B5A9000F968D /* Kdb4Persist.m */; };
		1CC87E8415F0B5A9000F968D /* Kdb4Reader.m in Sources */ = {isa = PBXBuildFile; fileRef = 1CC87E5515F0B5A9000F968D /* Kdb4Reader.m */; };
		1CC87E8515F0B5A9000F968D /* Kdb4Writer.m in Sources */ = {isa = PBXBuildFile; fileRef = 1CC87E5715F0B5A9000F968D /* Kdb4Writer.m */; };
		1CC87E8615F0B5A9000F968D /* KdbPassword.m in Sources */ = {isa = PBXBuildFile; fileRef = 1CC87E5A15F0B5A9000F968D /* KdbPassword.m */; };
		1CC87E8715F0B5A9000F968D /* KdbReaderFactory.m in Sources */ = {isa = PBXBuildFile; fileRef = 1CC87E5D15F0B5A9000F968D /* KdbReaderFactory.m */; };
		1CC87E8815F0B5A9000F968D /* KdbWriterFactory.m in Sources */ = {isa = PBXBuildFile; fileRef = 1CC87E6015F0B5A9000F968D /* KdbWriterFactory.m */; };
		1CC87E8915F0B5A9000F968D /* OutputStream.m in Sources */ = {isa = PBXBuildFile; fileRef = 1CC87E6215F0B5A9000F968D /* OutputStream.m */; };
		1CC87E8A15F0B5A9000F968D /* RandomStream.m in Sources */ = {isa = PBXBuildFile; fileRef = 1CC87E6415F0B5A9000F968D /* RandomStream.m */; };
		1CC87E8B15F0B5A9000F968D /* Salsa20RandomStream.m in Sources */ = {isa = PBXBuildFile; fileRef = 1CC87E6615F0B5A9000F968D /* Salsa20RandomStream.m */; };
		1CC87E8C15F0B5A9000F968D /* Sha256OutputStream.m in Sources */ = {isa = PBXBuildFile; fileRef = 1CC87E6815F0B5A9000F968D /* Sha256OutputStream.m */; };
		1CC87E8D15F0B5A9000F968D /* Utils.m in Sources */ = {isa = PBXBuildFile; fileRef = 1CC87E6A15F0B5A9000F968D /* Utils.m */; };
		1CC87E8E15F0B5A9000F968D /* UUID.m in Sources */ = {isa = PBXBuildFile; fileRef = 1CC87E6C15F0B5A9000F968D /* UUID.m */; };
		1CC87E9F15F0B64D000F968D /* DDXMLElementAdditions.m in Sources */ = {isa = PBXBuildFile; fileRef = 1CC87E9215F0B64D000F968D /* DDXMLElementAdditions.m */; };
		1CC87EA015F0B64D000F968D /* NSString+DDXML.m in Sources */ = {isa = PBXBuildFile; fileRef = 1CC87E9515F0B64D000F968D /* NSString+DDXML.m */; };
		1CC87EA115F0B64D000F968D /* DDXMLDocument.m in Sources */ = {isa = PBXBuildFile; fileRef = 1CC87E9815F0B64D000F968D /* DDXMLDocument.m */; };
		1CC87EA215F0B64D000F968D /* DDXMLElement.m in Sources */ = {isa = PBXBuildFile; fileRef = 1CC87E9A15F0B64D000F968D /* DDXMLElement.m */; };
		1CC87EA315F0B64D000F968D /* DDXMLNode.m in Sources */ = {isa = PBXBuildFile; fileRef = 1CC87E9C15F0B64D000F968D /* DDXMLNode.m */; };
		1CC87EA915F0B794000F968D /* Carbon.framework in Frameworks */ = {isa = PBXBuildFile; fileRef = 1CC87EA815F0B794000F968D /* Carbon.framework */; };
		1CC87EAB15F0B7B3000F968D /* Security.framework in Frameworks */ = {isa = PBXBuildFile; fileRef = 1CC87EAA15F0B7B2000F968D /* Security.framework */; };
		1CC87EAD15F0B7DC000F968D /* libz.dylib in Frameworks */ = {isa = PBXBuildFile; fileRef = 1CC87EAC15F0B7DC000F968D /* libz.dylib */; };
		1CC87EAE15F0B7F0000F968D /* libxml2.dylib in Frameworks */ = {isa = PBXBuildFile; fileRef = 1CC87EA415F0B682000F968D /* libxml2.dylib */; };
/* End PBXBuildFile section */

/* Begin PBXFileReference section */
		1C0DA3B816B2DE520024770E /* icon_256x256.png */ = {isa = PBXFileReference; lastKnownFileType = image.png; path = icon_256x256.png; sourceTree = "<group>"; };
		1C0DA3BB16B2E03B0024770E /* Key-icon.icns */ = {isa = PBXFileReference; lastKnownFileType = image.icns; path = "Key-icon.icns"; sourceTree = "<group>"; };
		1C7EC0FD16106834004E345D /* ConfigView.h */ = {isa = PBXFileReference; fileEncoding = 4; lastKnownFileType = sourcecode.c.h; path = ConfigView.h; sourceTree = "<group>"; };
		1C7EC0FE16106834004E345D /* ConfigView.m */ = {isa = PBXFileReference; fileEncoding = 4; lastKnownFileType = sourcecode.c.objc; path = ConfigView.m; sourceTree = "<group>"; };
		1CC87DE615F0B339000F968D /* MaKeePass.app */ = {isa = PBXFileReference; explicitFileType = wrapper.application; includeInIndex = 0; path = MaKeePass.app; sourceTree = BUILT_PRODUCTS_DIR; };
		1CC87DEA15F0B339000F968D /* Cocoa.framework */ = {isa = PBXFileReference; lastKnownFileType = wrapper.framework; name = Cocoa.framework; path = System/Library/Frameworks/Cocoa.framework; sourceTree = SDKROOT; };
		1CC87DED15F0B339000F968D /* AppKit.framework */ = {isa = PBXFileReference; lastKnownFileType = wrapper.framework; name = AppKit.framework; path = System/Library/Frameworks/AppKit.framework; sourceTree = SDKROOT; };
		1CC87DEE15F0B339000F968D /* CoreData.framework */ = {isa = PBXFileReference; lastKnownFileType = wrapper.framework; name = CoreData.framework; path = System/Library/Frameworks/CoreData.framework; sourceTree = SDKROOT; };
		1CC87DEF15F0B339000F968D /* Foundation.framework */ = {isa = PBXFileReference; lastKnownFileType = wrapper.framework; name = Foundation.framework; path = System/Library/Frameworks/Foundation.framework; sourceTree = SDKROOT; };
		1CC87DF215F0B339000F968D /* MaKeePass-Info.plist */ = {isa = PBXFileReference; lastKnownFileType = text.plist.xml; path = "MaKeePass-Info.plist"; sourceTree = "<group>"; };
		1CC87DF415F0B339000F968D /* en */ = {isa = PBXFileReference; lastKnownFileType = text.plist.strings; name = en; path = en.lproj/InfoPlist.strings; sourceTree = "<group>"; };
		1CC87DF615F0B339000F968D /* main.m */ = {isa = PBXFileReference; lastKnownFileType = sourcecode.c.objc; path = main.m; sourceTree = "<group>"; };
		1CC87DF815F0B339000F968D /* MaKeePass-Prefix.pch */ = {isa = PBXFileReference; lastKnownFileType = sourcecode.c.h; path = "MaKeePass-Prefix.pch"; sourceTree = "<group>"; };
		1CC87DFA15F0B339000F968D /* en */ = {isa = PBXFileReference; lastKnownFileType = text.rtf; name = en; path = en.lproj/Credits.rtf; sourceTree = "<group>"; };
		1CC87DFC15F0B339000F968D /* AppDelegate.h */ = {isa = PBXFileReference; lastKnownFileType = sourcecode.c.h; path = AppDelegate.h; sourceTree = "<group>"; };
		1CC87DFD15F0B339000F968D /* AppDelegate.m */ = {isa = PBXFileReference; lastKnownFileType = sourcecode.c.objc; path = AppDelegate.m; sourceTree = "<group>"; };
		1CC87E0015F0B339000F968D /* en */ = {isa = PBXFileReference; lastKnownFileType = file.xib; name = en; path = en.lproj/MainMenu.xib; sourceTree = "<group>"; };
		1CC87E0B15F0B4F0000F968D /* BackgroundView.h */ = {isa = PBXFileReference; fileEncoding = 4; lastKnownFileType = sourcecode.c.h; path = BackgroundView.h; sourceTree = "<group>"; };
		1CC87E0C15F0B4F0000F968D /* BackgroundView.m */ = {isa = PBXFileReference; fileEncoding = 4; lastKnownFileType = sourcecode.c.objc; path = BackgroundView.m; sourceTree = "<group>"; };
		1CC87E0D15F0B4F0000F968D /* DDHotKeyCenter.h */ = {isa = PBXFileReference; fileEncoding = 4; lastKnownFileType = sourcecode.c.h; path = DDHotKeyCenter.h; sourceTree = "<group>"; };
		1CC87E0E15F0B4F0000F968D /* DDHotKeyCenter.m */ = {isa = PBXFileReference; fileEncoding = 4; lastKnownFileType = sourcecode.c.objc; path = DDHotKeyCenter.m; sourceTree = "<group>"; };
		1CC87E0F15F0B4F0000F968D /* MenubarController.h */ = {isa = PBXFileReference; fileEncoding = 4; lastKnownFileType = sourcecode.c.h; path = MenubarController.h; sourceTree = "<group>"; };
		1CC87E1015F0B4F0000F968D /* MenubarController.m */ = {isa = PBXFileReference; fileEncoding = 4; lastKnownFileType = sourcecode.c.objc; path = MenubarController.m; sourceTree = "<group>"; };
		1CC87E1115F0B4F0000F968D /* Panel.h */ = {isa = PBXFileReference; fileEncoding = 4; lastKnownFileType = sourcecode.c.h; path = Panel.h; sourceTree = "<group>"; };
		1CC87E1215F0B4F0000F968D /* Panel.m */ = {isa = PBXFileReference; fileEncoding = 4; lastKnownFileType = sourcecode.c.objc; path = Panel.m; sourceTree = "<group>"; };
		1CC87E1315F0B4F0000F968D /* Panel.xib */ = {isa = PBXFileReference; fileEncoding = 4; lastKnownFileType = file.xib; path = Panel.xib; sourceTree = "<group>"; };
		1CC87E1415F0B4F0000F968D /* PanelController.h */ = {isa = PBXFileReference; fileEncoding = 4; lastKnownFileType = sourcecode.c.h; path = PanelController.h; sourceTree = "<group>"; };
		1CC87E1515F0B4F0000F968D /* PanelController.m */ = {isa = PBXFileReference; fileEncoding = 4; lastKnownFileType = sourcecode.c.objc; path = PanelController.m; sourceTree = "<group>"; };
		1CC87E1615F0B4F0000F968D /* Status.png */ = {isa = PBXFileReference; lastKnownFileType = image.png; path = Status.png; sourceTree = "<group>"; };
		1CC87E1715F0B4F0000F968D /* StatusHighlighted.png */ = {isa = PBXFileReference; lastKnownFileType = image.png; path = StatusHighlighted.png; sourceTree = "<group>"; };
		1CC87E1815F0B4F0000F968D /* StatusItemView.h */ = {isa = PBXFileReference; fileEncoding = 4; lastKnownFileType = sourcecode.c.h; path = StatusItemView.h; sourceTree = "<group>"; };
		1CC87E1915F0B4F0000F968D /* StatusItemView.m */ = {isa = PBXFileReference; fileEncoding = 4; lastKnownFileType = sourcecode.c.objc; path = StatusItemView.m; sourceTree = "<group>"; };
		1CC87E2615F0B5A9000F968D /* AesInputStream.h */ = {isa = PBXFileReference; fileEncoding = 4; lastKnownFileType = sourcecode.c.h; path = AesInputStream.h; sourceTree = "<group>"; };
		1CC87E2715F0B5A9000F968D /* AesInputStream.m */ = {isa = PBXFileReference; fileEncoding = 4; lastKnownFileType = sourcecode.c.objc; path = AesInputStream.m; sourceTree = "<group>"; };
		1CC87E2815F0B5A9000F968D /* AesOutputStream.h */ = {isa = PBXFileReference; fileEncoding = 4; lastKnownFileType = sourcecode.c.h; path = AesOutputStream.h; sourceTree = "<group>"; };
		1CC87E2915F0B5A9000F968D /* AesOutputStream.m */ = {isa = PBXFileReference; fileEncoding = 4; lastKnownFileType = sourcecode.c.objc; path = AesOutputStream.m; sourceTree = "<group>"; };
		1CC87E2A15F0B5A9000F968D /* Arc4RandomStream.h */ = {isa = PBXFileReference; fileEncoding = 4; lastKnownFileType = sourcecode.c.h; path = Arc4RandomStream.h; sourceTree = "<group>"; };
		1CC87E2B15F0B5A9000F968D /* Arc4RandomStream.m */ = {isa = PBXFileReference; fileEncoding = 4; lastKnownFileType = sourcecode.c.objc; path = Arc4RandomStream.m; sourceTree = "<group>"; };
		1CC87E2C15F0B5A9000F968D /* Base64.h */ = {isa = PBXFileReference; fileEncoding = 4; lastKnownFileType = sourcecode.c.h; path = Base64.h; sourceTree = "<group>"; };
		1CC87E2D15F0B5A9000F968D /* Base64.m */ = {isa = PBXFileReference; fileEncoding = 4; lastKnownFileType = sourcecode.c.objc; path = Base64.m; sourceTree = "<group>"; };
		1CC87E2E15F0B5A9000F968D /* DataInputStream.h */ = {isa = PBXFileReference; fileEncoding = 4; lastKnownFileType = sourcecode.c.h; path = DataInputStream.h; sourceTree = "<group>"; };
		1CC87E2F15F0B5A9000F968D /* DataInputStream.m */ = {isa = PBXFileReference; fileEncoding = 4; lastKnownFileType = sourcecode.c.objc; path = DataInputStream.m; sourceTree = "<group>"; };
		1CC87E3015F0B5A9000F968D /* DataOutputStream.h */ = {isa = PBXFileReference; fileEncoding = 4; lastKnownFileType = sourcecode.c.h; path = DataOutputStream.h; sourceTree = "<group>"; };
		1CC87E3115F0B5A9000F968D /* DataOutputStream.m */ = {isa = PBXFileReference; fileEncoding = 4; lastKnownFileType = sourcecode.c.objc; path = DataOutputStream.m; sourceTree = "<group>"; };
		1CC87E3215F0B5A9000F968D /* FileInputStream.h */ = {isa = PBXFileReference; fileEncoding = 4; lastKnownFileType = sourcecode.c.h; path = FileInputStream.h; sourceTree = "<group>"; };
		1CC87E3315F0B5A9000F968D /* FileInputStream.m */ = {isa = PBXFileReference; fileEncoding = 4; lastKnownFileType = sourcecode.c.objc; path = FileInputStream.m; sourceTree = "<group>"; };
		1CC87E3415F0B5A9000F968D /* FileOutputStream.h */ = {isa = PBXFileReference; fileEncoding = 4; lastKnownFileType = sourcecode.c.h; path = FileOutputStream.h; sourceTree = "<group>"; };
		1CC87E3515F0B5A9000F968D /* FileOutputStream.m */ = {isa = PBXFileReference; fileEncoding = 4; lastKnownFileType = sourcecode.c.objc; path = FileOutputStream.m; sourceTree = "<group>"; };
		1CC87E3615F0B5A9000F968D /* GZipInputStream.h */ = {isa = PBXFileReference; fileEncoding = 4; lastKnownFileType = sourcecode.c.h; path = GZipInputStream.h; sourceTree = "<group>"; };
		1CC87E3715F0B5A9000F968D /* GZipInputStream.m */ = {isa = PBXFileReference; fileEncoding = 4; lastKnownFileType = sourcecode.c.objc; path = GZipInputStream.m; sourceTree = "<group>"; };
		1CC87E3815F0B5A9000F968D /* GZipOutputStream.h */ = {isa = PBXFileReference; fileEncoding = 4; lastKnownFileType = sourcecode.c.h; path = GZipOutputStream.h; sourceTree = "<group>"; };
		1CC87E3915F0B5A9000F968D /* GZipOutputStream.m */ = {isa = PBXFileReference; fileEncoding = 4; lastKnownFileType = sourcecode.c.objc; path = GZipOutputStream.m; sourceTree = "<group>"; };
		1CC87E3A15F0B5A9000F968D /* HashedInputStream.h */ = {isa = PBXFileReference; fileEncoding = 4; lastKnownFileType = sourcecode.c.h; path = HashedInputStream.h; sourceTree = "<group>"; };
		1CC87E3B15F0B5A9000F968D /* HashedInputStream.m */ = {isa = PBXFileReference; fileEncoding = 4; lastKnownFileType = sourcecode.c.objc; path = HashedInputStream.m; sourceTree = "<group>"; };
		1CC87E3C15F0B5A9000F968D /* HashedOutputStream.h */ = {isa = PBXFileReference; fileEncoding = 4; lastKnownFileType = sourcecode.c.h; path = HashedOutputStream.h; sourceTree = "<group>"; };
		1CC87E3D15F0B5A9000F968D /* HashedOutputStream.m */ = {isa = PBXFileReference; fileEncoding = 4; lastKnownFileType = sourcecode.c.objc; path = HashedOutputStream.m; sourceTree = "<group>"; };
		1CC87E3E15F0B5A9000F968D /* InputStream.h */ = {isa = PBXFileReference; fileEncoding = 4; lastKnownFileType = sourcecode.c.h; path = InputStream.h; sourceTree = "<group>"; };
		1CC87E3F15F0B5A9000F968D /* InputStream.m */ = {isa = PBXFileReference; fileEncoding = 4; lastKnownFileType = sourcecode.c.objc; path = InputStream.m; sourceTree = "<group>"; };
		1CC87E4015F0B5A9000F968D /* Kdb.h */ = {isa = PBXFileReference; fileEncoding = 4; lastKnownFileType = sourcecode.c.h; path = Kdb.h; sourceTree = "<group>"; };
		1CC87E4115F0B5A9000F968D /* Kdb.m */ = {isa = PBXFileReference; fileEncoding = 4; lastKnownFileType = sourcecode.c.objc; path = Kdb.m; sourceTree = "<group>"; };
		1CC87E4215F0B5A9000F968D /* Kdb3Date.h */ = {isa = PBXFileReference; fileEncoding = 4; lastKnownFileType = sourcecode.c.h; path = Kdb3Date.h; sourceTree = "<group>"; };
		1CC87E4315F0B5A9000F968D /* Kdb3Date.m */ = {isa = PBXFileReference; fileEncoding = 4; lastKnownFileType = sourcecode.c.objc; path = Kdb3Date.m; sourceTree = "<group>"; };
		1CC87E4415F0B5A9000F968D /* Kdb3Node.h */ = {isa = PBXFileReference; fileEncoding = 4; lastKnownFileType = sourcecode.c.h; path = Kdb3Node.h; sourceTree = "<group>"; };
		1CC87E4515F0B5A9000F968D /* Kdb3Node.m */ = {isa = PBXFileReference; fileEncoding = 4; lastKnownFileType = sourcecode.c.objc; path = Kdb3Node.m; sourceTree = "<group>"; };
		1CC87E4615F0B5A9000F968D /* Kdb3Parser.h */ = {isa = PBXFileReference; fileEncoding = 4; lastKnownFileType = sourcecode.c.h; path = Kdb3Parser.h; sourceTree = "<group>"; };
		1CC87E4715F0B5A9000F968D /* Kdb3Parser.m */ = {isa = PBXFileReference; fileEncoding = 4; lastKnownFileType = sourcecode.c.objc; path = Kdb3Parser.m; sourceTree = "<group>"; };
		1CC87E4815F0B5A9000F968D /* Kdb3Persist.h */ = {isa = PBXFileReference; fileEncoding = 4; lastKnownFileType = sourcecode.c.h; path = Kdb3Persist.h; sourceTree = "<group>"; };
		1CC87E4915F0B5A9000F968D /* Kdb3Persist.m */ = {isa = PBXFileReference; fileEncoding = 4; lastKnownFileType = sourcecode.c.objc; path = Kdb3Persist.m; sourceTree = "<group>"; };
		1CC87E4A15F0B5A9000F968D /* Kdb3Reader.h */ = {isa = PBXFileReference; fileEncoding = 4; lastKnownFileType = sourcecode.c.h; path = Kdb3Reader.h; sourceTree = "<group>"; };
		1CC87E4B15F0B5A9000F968D /* Kdb3Reader.m */ = {isa = PBXFileReference; fileEncoding = 4; lastKnownFileType = sourcecode.c.objc; path = Kdb3Reader.m; sourceTree = "<group>"; };
		1CC87E4C15F0B5A9000F968D /* Kdb3Writer.h */ = {isa = PBXFileReference; fileEncoding = 4; lastKnownFileType = sourcecode.c.h; path = Kdb3Writer.h; sourceTree = "<group>"; };
		1CC87E4D15F0B5A9000F968D /* Kdb3Writer.m */ = {isa = PBXFileReference; fileEncoding = 4; lastKnownFileType = sourcecode.c.objc; path = Kdb3Writer.m; sourceTree = "<group>"; };
		1CC87E4E15F0B5A9000F968D /* Kdb4Node.h */ = {isa = PBXFileReference; fileEncoding = 4; lastKnownFileType = sourcecode.c.h; path = Kdb4Node.h; sourceTree = "<group>"; };
		1CC87E4F15F0B5A9000F968D /* Kdb4Node.m */ = {isa = PBXFileReference; fileEncoding = 4; lastKnownFileType = sourcecode.c.objc; path = Kdb4Node.m; sourceTree = "<group>"; };
		1CC87E5015F0B5A9000F968D /* Kdb4Parser.h */ = {isa = PBXFileReference; fileEncoding = 4; lastKnownFileType = sourcecode.c.h; path = Kdb4Parser.h; sourceTree = "<group>"; };
		1CC87E5115F0B5A9000F968D /* Kdb4Parser.m */ = {isa = PBXFileReference; fileEncoding = 4; lastKnownFileType = sourcecode.c.objc; path = Kdb4Parser.m; sourceTree = "<group>"; };
		1CC87E5215F0B5A9000F968D /* Kdb4Persist.h */ = {isa = PBXFileReference; fileEncoding = 4; lastKnownFileType = sourcecode.c.h; path = Kdb4Persist.h; sourceTree = "<group>"; };
		1CC87E5315F0B5A9000F968D /* Kdb4Persist.m */ = {isa = PBXFileReference; fileEncoding = 4; lastKnownFileType = sourcecode.c.objc; path = Kdb4Persist.m; sourceTree = "<group>"; };
		1CC87E5415F0B5A9000F968D /* Kdb4Reader.h */ = {isa = PBXFileReference; fileEncoding = 4; lastKnownFileType = sourcecode.c.h; path = Kdb4Reader.h; sourceTree = "<group>"; };
		1CC87E5515F0B5A9000F968D /* Kdb4Reader.m */ = {isa = PBXFileReference; fileEncoding = 4; lastKnownFileType = sourcecode.c.objc; path = Kdb4Reader.m; sourceTree = "<group>"; };
		1CC87E5615F0B5A9000F968D /* Kdb4Writer.h */ = {isa = PBXFileReference; fileEncoding = 4; lastKnownFileType = sourcecode.c.h; path = Kdb4Writer.h; sourceTree = "<group>"; };
		1CC87E5715F0B5A9000F968D /* Kdb4Writer.m */ = {isa = PBXFileReference; fileEncoding = 4; lastKnownFileType = sourcecode.c.objc; path = Kdb4Writer.m; sourceTree = "<group>"; };
		1CC87E5815F0B5A9000F968D /* KdbLib.h */ = {isa = PBXFileReference; fileEncoding = 4; lastKnownFileType = sourcecode.c.h; path = KdbLib.h; sourceTree = "<group>"; };
		1CC87E5915F0B5A9000F968D /* KdbPassword.h */ = {isa = PBXFileReference; fileEncoding = 4; lastKnownFileType = sourcecode.c.h; path = KdbPassword.h; sourceTree = "<group>"; };
		1CC87E5A15F0B5A9000F968D /* KdbPassword.m */ = {isa = PBXFileReference; fileEncoding = 4; lastKnownFileType = sourcecode.c.objc; path = KdbPassword.m; sourceTree = "<group>"; };
		1CC87E5B15F0B5A9000F968D /* KdbReader.h */ = {isa = PBXFileReference; fileEncoding = 4; lastKnownFileType = sourcecode.c.h; path = KdbReader.h; sourceTree = "<group>"; };
		1CC87E5C15F0B5A9000F968D /* KdbReaderFactory.h */ = {isa = PBXFileReference; fileEncoding = 4; lastKnownFileType = sourcecode.c.h; path = KdbReaderFactory.h; sourceTree = "<group>"; };
		1CC87E5D15F0B5A9000F968D /* KdbReaderFactory.m */ = {isa = PBXFileReference; fileEncoding = 4; lastKnownFileType = sourcecode.c.objc; path = KdbReaderFactory.m; sourceTree = "<group>"; };
		1CC87E5E15F0B5A9000F968D /* KdbWriter.h */ = {isa = PBXFileReference; fileEncoding = 4; lastKnownFileType = sourcecode.c.h; path = KdbWriter.h; sourceTree = "<group>"; };
		1CC87E5F15F0B5A9000F968D /* KdbWriterFactory.h */ = {isa = PBXFileReference; fileEncoding = 4; lastKnownFileType = sourcecode.c.h; path = KdbWriterFactory.h; sourceTree = "<group>"; };
		1CC87E6015F0B5A9000F968D /* KdbWriterFactory.m */ = {isa = PBXFileReference; fileEncoding = 4; lastKnownFileType = sourcecode.c.objc; path = KdbWriterFactory.m; sourceTree = "<group>"; };
		1CC87E6115F0B5A9000F968D /* OutputStream.h */ = {isa = PBXFileReference; fileEncoding = 4; lastKnownFileType = sourcecode.c.h; path = OutputStream.h; sourceTree = "<group>"; };
		1CC87E6215F0B5A9000F968D /* OutputStream.m */ = {isa = PBXFileReference; fileEncoding = 4; lastKnownFileType = sourcecode.c.objc; path = OutputStream.m; sourceTree = "<group>"; };
		1CC87E6315F0B5A9000F968D /* RandomStream.h */ = {isa = PBXFileReference; fileEncoding = 4; lastKnownFileType = sourcecode.c.h; path = RandomStream.h; sourceTree = "<group>"; };
		1CC87E6415F0B5A9000F968D /* RandomStream.m */ = {isa = PBXFileReference; fileEncoding = 4; lastKnownFileType = sourcecode.c.objc; path = RandomStream.m; sourceTree = "<group>"; };
		1CC87E6515F0B5A9000F968D /* Salsa20RandomStream.h */ = {isa = PBXFileReference; fileEncoding = 4; lastKnownFileType = sourcecode.c.h; path = Salsa20RandomStream.h; sourceTree = "<group>"; };
		1CC87E6615F0B5A9000F968D /* Salsa20RandomStream.m */ = {isa = PBXFileReference; fileEncoding = 4; lastKnownFileType = sourcecode.c.objc; path = Salsa20RandomStream.m; sourceTree = "<group>"; };
		1CC87E6715F0B5A9000F968D /* Sha256OutputStream.h */ = {isa = PBXFileReference; fileEncoding = 4; lastKnownFileType = sourcecode.c.h; path = Sha256OutputStream.h; sourceTree = "<group>"; };
		1CC87E6815F0B5A9000F968D /* Sha256OutputStream.m */ = {isa = PBXFileReference; fileEncoding = 4; lastKnownFileType = sourcecode.c.objc; path = Sha256OutputStream.m; sourceTree = "<group>"; };
		1CC87E6915F0B5A9000F968D /* Utils.h */ = {isa = PBXFileReference; fileEncoding = 4; lastKnownFileType = sourcecode.c.h; path = Utils.h; sourceTree = "<group>"; };
		1CC87E6A15F0B5A9000F968D /* Utils.m */ = {isa = PBXFileReference; fileEncoding = 4; lastKnownFileType = sourcecode.c.objc; path = Utils.m; sourceTree = "<group>"; };
		1CC87E6B15F0B5A9000F968D /* UUID.h */ = {isa = PBXFileReference; fileEncoding = 4; lastKnownFileType = sourcecode.c.h; path = UUID.h; sourceTree = "<group>"; };
		1CC87E6C15F0B5A9000F968D /* UUID.m */ = {isa = PBXFileReference; fileEncoding = 4; lastKnownFileType = sourcecode.c.objc; path = UUID.m; sourceTree = "<group>"; };
		1CC87E9115F0B64D000F968D /* DDXMLElementAdditions.h */ = {isa = PBXFileReference; fileEncoding = 4; lastKnownFileType = sourcecode.c.h; path = DDXMLElementAdditions.h; sourceTree = "<group>"; };
		1CC87E9215F0B64D000F968D /* DDXMLElementAdditions.m */ = {isa = PBXFileReference; fileEncoding = 4; lastKnownFileType = sourcecode.c.objc; path = DDXMLElementAdditions.m; sourceTree = "<group>"; };
		1CC87E9415F0B64D000F968D /* NSString+DDXML.h */ = {isa = PBXFileReference; fileEncoding = 4; lastKnownFileType = sourcecode.c.h; path = "NSString+DDXML.h"; sourceTree = "<group>"; };
		1CC87E9515F0B64D000F968D /* NSString+DDXML.m */ = {isa = PBXFileReference; fileEncoding = 4; lastKnownFileType = sourcecode.c.objc; path = "NSString+DDXML.m"; sourceTree = "<group>"; };
		1CC87E9615F0B64D000F968D /* DDXML.h */ = {isa = PBXFileReference; fileEncoding = 4; lastKnownFileType = sourcecode.c.h; path = DDXML.h; sourceTree = "<group>"; };
		1CC87E9715F0B64D000F968D /* DDXMLDocument.h */ = {isa = PBXFileReference; fileEncoding = 4; lastKnownFileType = sourcecode.c.h; path = DDXMLDocument.h; sourceTree = "<group>"; };
		1CC87E9815F0B64D000F968D /* DDXMLDocument.m */ = {isa = PBXFileReference; fileEncoding = 4; lastKnownFileType = sourcecode.c.objc; path = DDXMLDocument.m; sourceTree = "<group>"; };
		1CC87E9915F0B64D000F968D /* DDXMLElement.h */ = {isa = PBXFileReference; fileEncoding = 4; lastKnownFileType = sourcecode.c.h; path = DDXMLElement.h; sourceTree = "<group>"; };
		1CC87E9A15F0B64D000F968D /* DDXMLElement.m */ = {isa = PBXFileReference; fileEncoding = 4; lastKnownFileType = sourcecode.c.objc; path = DDXMLElement.m; sourceTree = "<group>"; };
		1CC87E9B15F0B64D000F968D /* DDXMLNode.h */ = {isa = PBXFileReference; fileEncoding = 4; lastKnownFileType = sourcecode.c.h; path = DDXMLNode.h; sourceTree = "<group>"; };
		1CC87E9C15F0B64D000F968D /* DDXMLNode.m */ = {isa = PBXFileReference; fileEncoding = 4; lastKnownFileType = sourcecode.c.objc; path = DDXMLNode.m; sourceTree = "<group>"; };
		1CC87E9E15F0B64D000F968D /* DDXMLPrivate.h */ = {isa = PBXFileReference; fileEncoding = 4; lastKnownFileType = sourcecode.c.h; path = DDXMLPrivate.h; sourceTree = "<group>"; };
		1CC87EA415F0B682000F968D /* libxml2.dylib */ = {isa = PBXFileReference; lastKnownFileType = "compiled.mach-o.dylib"; name = libxml2.dylib; path = usr/lib/libxml2.dylib; sourceTree = SDKROOT; };
		1CC87EA815F0B794000F968D /* Carbon.framework */ = {isa = PBXFileReference; lastKnownFileType = wrapper.framework; name = Carbon.framework; path = System/Library/Frameworks/Carbon.framework; sourceTree = SDKROOT; };
		1CC87EAA15F0B7B2000F968D /* Security.framework */ = {isa = PBXFileReference; lastKnownFileType = wrapper.framework; name = Security.framework; path = System/Library/Frameworks/Security.framework; sourceTree = SDKROOT; };
		1CC87EAC15F0B7DC000F968D /* libz.dylib */ = {isa = PBXFileReference; lastKnownFileType = "compiled.mach-o.dylib"; name = libz.dylib; path = usr/lib/libz.dylib; sourceTree = SDKROOT; };
/* End PBXFileReference section */

/* Begin PBXFrameworksBuildPhase section */
		1CC87DE315F0B339000F968D /* Frameworks */ = {
			isa = PBXFrameworksBuildPhase;
			buildActionMask = 2147483647;
			files = (
				1CC87EAE15F0B7F0000F968D /* libxml2.dylib in Frameworks */,
				1CC87EAD15F0B7DC000F968D /* libz.dylib in Frameworks */,
				1CC87EAB15F0B7B3000F968D /* Security.framework in Frameworks */,
				1CC87EA915F0B794000F968D /* Carbon.framework in Frameworks */,
				1CC87DEB15F0B339000F968D /* Cocoa.framework in Frameworks */,
			);
			runOnlyForDeploymentPostprocessing = 0;
		};
/* End PBXFrameworksBuildPhase section */

/* Begin PBXGroup section */
		1CC87DDB15F0B338000F968D = {
			isa = PBXGroup;
			children = (
				1C0DA3B816B2DE520024770E /* icon_256x256.png */,
				1C0DA3BB16B2E03B0024770E /* Key-icon.icns */,
				1CC87EAC15F0B7DC000F968D /* libz.dylib */,
				1CC87EAA15F0B7B2000F968D /* Security.framework */,
				1CC87EA815F0B794000F968D /* Carbon.framework */,
				1CC87EA415F0B682000F968D /* libxml2.dylib */,
				1CC87E8F15F0B64D000F968D /* KissXML */,
				1CC87E2515F0B5A9000F968D /* KeePassLib */,
				1CC87DF015F0B339000F968D /* MaKeePass */,
				1CC87DE915F0B339000F968D /* Frameworks */,
				1CC87DE715F0B339000F968D /* Products */,
			);
			sourceTree = "<group>";
		};
		1CC87DE715F0B339000F968D /* Products */ = {
			isa = PBXGroup;
			children = (
				1CC87DE615F0B339000F968D /* MaKeePass.app */,
			);
			name = Products;
			sourceTree = "<group>";
		};
		1CC87DE915F0B339000F968D /* Frameworks */ = {
			isa = PBXGroup;
			children = (
				1CC87DEA15F0B339000F968D /* Cocoa.framework */,
				1CC87DEC15F0B339000F968D /* Other Frameworks */,
			);
			name = Frameworks;
			sourceTree = "<group>";
		};
		1CC87DEC15F0B339000F968D /* Other Frameworks */ = {
			isa = PBXGroup;
			children = (
				1CC87DED15F0B339000F968D /* AppKit.framework */,
				1CC87DEE15F0B339000F968D /* CoreData.framework */,
				1CC87DEF15F0B339000F968D /* Foundation.framework */,
			);
			name = "Other Frameworks";
			sourceTree = "<group>";
		};
		1CC87DF015F0B339000F968D /* MaKeePass */ = {
			isa = PBXGroup;
			children = (
				1CC87DFC15F0B339000F968D /* AppDelegate.h */,
				1CC87DFD15F0B339000F968D /* AppDelegate.m */,
				1CC87E0B15F0B4F0000F968D /* BackgroundView.h */,
				1CC87E0C15F0B4F0000F968D /* BackgroundView.m */,
				1CC87E0D15F0B4F0000F968D /* DDHotKeyCenter.h */,
				1CC87E0E15F0B4F0000F968D /* DDHotKeyCenter.m */,
				1CC87E0F15F0B4F0000F968D /* MenubarController.h */,
				1CC87E1015F0B4F0000F968D /* MenubarController.m */,
				1CC87E1115F0B4F0000F968D /* Panel.h */,
				1CC87E1215F0B4F0000F968D /* Panel.m */,
				1CC87E1415F0B4F0000F968D /* PanelController.h */,
				1CC87E1515F0B4F0000F968D /* PanelController.m */,
				1CC87E1615F0B4F0000F968D /* Status.png */,
				1CC87E1715F0B4F0000F968D /* StatusHighlighted.png */,
				1CC87E1815F0B4F0000F968D /* StatusItemView.h */,
				1CC87E1915F0B4F0000F968D /* StatusItemView.m */,
				1CC87E1315F0B4F0000F968D /* Panel.xib */,
				1CC87DFF15F0B339000F968D /* MainMenu.xib */,
				1CC87DF115F0B339000F968D /* Supporting Files */,
				1C7EC0FD16106834004E345D /* ConfigView.h */,
				1C7EC0FE16106834004E345D /* ConfigView.m */,
			);
			path = MaKeePass;
			sourceTree = "<group>";
		};
		1CC87DF115F0B339000F968D /* Supporting Files */ = {
			isa = PBXGroup;
			children = (
				1CC87DF215F0B339000F968D /* MaKeePass-Info.plist */,
				1CC87DF315F0B339000F968D /* InfoPlist.strings */,
				1CC87DF615F0B339000F968D /* main.m */,
				1CC87DF815F0B339000F968D /* MaKeePass-Prefix.pch */,
				1CC87DF915F0B339000F968D /* Credits.rtf */,
			);
			name = "Supporting Files";
			sourceTree = "<group>";
		};
		1CC87E2515F0B5A9000F968D /* KeePassLib */ = {
			isa = PBXGroup;
			children = (
				1CC87E2615F0B5A9000F968D /* AesInputStream.h */,
				1CC87E2715F0B5A9000F968D /* AesInputStream.m */,
				1CC87E2815F0B5A9000F968D /* AesOutputStream.h */,
				1CC87E2915F0B5A9000F968D /* AesOutputStream.m */,
				1CC87E2A15F0B5A9000F968D /* Arc4RandomStream.h */,
				1CC87E2B15F0B5A9000F968D /* Arc4RandomStream.m */,
				1CC87E2C15F0B5A9000F968D /* Base64.h */,
				1CC87E2D15F0B5A9000F968D /* Base64.m */,
				1CC87E2E15F0B5A9000F968D /* DataInputStream.h */,
				1CC87E2F15F0B5A9000F968D /* DataInputStream.m */,
				1CC87E3015F0B5A9000F968D /* DataOutputStream.h */,
				1CC87E3115F0B5A9000F968D /* DataOutputStream.m */,
				1CC87E3215F0B5A9000F968D /* FileInputStream.h */,
				1CC87E3315F0B5A9000F968D /* FileInputStream.m */,
				1CC87E3415F0B5A9000F968D /* FileOutputStream.h */,
				1CC87E3515F0B5A9000F968D /* FileOutputStream.m */,
				1CC87E3615F0B5A9000F968D /* GZipInputStream.h */,
				1CC87E3715F0B5A9000F968D /* GZipInputStream.m */,
				1CC87E3815F0B5A9000F968D /* GZipOutputStream.h */,
				1CC87E3915F0B5A9000F968D /* GZipOutputStream.m */,
				1CC87E3A15F0B5A9000F968D /* HashedInputStream.h */,
				1CC87E3B15F0B5A9000F968D /* HashedInputStream.m */,
				1CC87E3C15F0B5A9000F968D /* HashedOutputStream.h */,
				1CC87E3D15F0B5A9000F968D /* HashedOutputStream.m */,
				1CC87E3E15F0B5A9000F968D /* InputStream.h */,
				1CC87E3F15F0B5A9000F968D /* InputStream.m */,
				1CC87E4015F0B5A9000F968D /* Kdb.h */,
				1CC87E4115F0B5A9000F968D /* Kdb.m */,
				1CC87E4215F0B5A9000F968D /* Kdb3Date.h */,
				1CC87E4315F0B5A9000F968D /* Kdb3Date.m */,
				1CC87E4415F0B5A9000F968D /* Kdb3Node.h */,
				1CC87E4515F0B5A9000F968D /* Kdb3Node.m */,
				1CC87E4615F0B5A9000F968D /* Kdb3Parser.h */,
				1CC87E4715F0B5A9000F968D /* Kdb3Parser.m */,
				1CC87E4815F0B5A9000F968D /* Kdb3Persist.h */,
				1CC87E4915F0B5A9000F968D /* Kdb3Persist.m */,
				1CC87E4A15F0B5A9000F968D /* Kdb3Reader.h */,
				1CC87E4B15F0B5A9000F968D /* Kdb3Reader.m */,
				1CC87E4C15F0B5A9000F968D /* Kdb3Writer.h */,
				1CC87E4D15F0B5A9000F968D /* Kdb3Writer.m */,
				1CC87E4E15F0B5A9000F968D /* Kdb4Node.h */,
				1CC87E4F15F0B5A9000F968D /* Kdb4Node.m */,
				1CC87E5015F0B5A9000F968D /* Kdb4Parser.h */,
				1CC87E5115F0B5A9000F968D /* Kdb4Parser.m */,
				1CC87E5215F0B5A9000F968D /* Kdb4Persist.h */,
				1CC87E5315F0B5A9000F968D /* Kdb4Persist.m */,
				1CC87E5415F0B5A9000F968D /* Kdb4Reader.h */,
				1CC87E5515F0B5A9000F968D /* Kdb4Reader.m */,
				1CC87E5615F0B5A9000F968D /* Kdb4Writer.h */,
				1CC87E5715F0B5A9000F968D /* Kdb4Writer.m */,
				1CC87E5815F0B5A9000F968D /* KdbLib.h */,
				1CC87E5915F0B5A9000F968D /* KdbPassword.h */,
				1CC87E5A15F0B5A9000F968D /* KdbPassword.m */,
				1CC87E5B15F0B5A9000F968D /* KdbReader.h */,
				1CC87E5C15F0B5A9000F968D /* KdbReaderFactory.h */,
				1CC87E5D15F0B5A9000F968D /* KdbReaderFactory.m */,
				1CC87E5E15F0B5A9000F968D /* KdbWriter.h */,
				1CC87E5F15F0B5A9000F968D /* KdbWriterFactory.h */,
				1CC87E6015F0B5A9000F968D /* KdbWriterFactory.m */,
				1CC87E6115F0B5A9000F968D /* OutputStream.h */,
				1CC87E6215F0B5A9000F968D /* OutputStream.m */,
				1CC87E6315F0B5A9000F968D /* RandomStream.h */,
				1CC87E6415F0B5A9000F968D /* RandomStream.m */,
				1CC87E6515F0B5A9000F968D /* Salsa20RandomStream.h */,
				1CC87E6615F0B5A9000F968D /* Salsa20RandomStream.m */,
				1CC87E6715F0B5A9000F968D /* Sha256OutputStream.h */,
				1CC87E6815F0B5A9000F968D /* Sha256OutputStream.m */,
				1CC87E6915F0B5A9000F968D /* Utils.h */,
				1CC87E6A15F0B5A9000F968D /* Utils.m */,
				1CC87E6B15F0B5A9000F968D /* UUID.h */,
				1CC87E6C15F0B5A9000F968D /* UUID.m */,
			);
			path = KeePassLib;
			sourceTree = "<group>";
		};
		1CC87E8F15F0B64D000F968D /* KissXML */ = {
			isa = PBXGroup;
			children = (
				1CC87E9015F0B64D000F968D /* Additions */,
				1CC87E9315F0B64D000F968D /* Categories */,
				1CC87E9615F0B64D000F968D /* DDXML.h */,
				1CC87E9715F0B64D000F968D /* DDXMLDocument.h */,
				1CC87E9815F0B64D000F968D /* DDXMLDocument.m */,
				1CC87E9915F0B64D000F968D /* DDXMLElement.h */,
				1CC87E9A15F0B64D000F968D /* DDXMLElement.m */,
				1CC87E9B15F0B64D000F968D /* DDXMLNode.h */,
				1CC87E9C15F0B64D000F968D /* DDXMLNode.m */,
				1CC87E9D15F0B64D000F968D /* Private */,
			);
			path = KissXML;
			sourceTree = "<group>";
		};
		1CC87E9015F0B64D000F968D /* Additions */ = {
			isa = PBXGroup;
			children = (
				1CC87E9115F0B64D000F968D /* DDXMLElementAdditions.h */,
				1CC87E9215F0B64D000F968D /* DDXMLElementAdditions.m */,
			);
			path = Additions;
			sourceTree = "<group>";
		};
		1CC87E9315F0B64D000F968D /* Categories */ = {
			isa = PBXGroup;
			children = (
				1CC87E9415F0B64D000F968D /* NSString+DDXML.h */,
				1CC87E9515F0B64D000F968D /* NSString+DDXML.m */,
			);
			path = Categories;
			sourceTree = "<group>";
		};
		1CC87E9D15F0B64D000F968D /* Private */ = {
			isa = PBXGroup;
			children = (
				1CC87E9E15F0B64D000F968D /* DDXMLPrivate.h */,
			);
			path = Private;
			sourceTree = "<group>";
		};
/* End PBXGroup section */

/* Begin PBXNativeTarget section */
		1CC87DE515F0B339000F968D /* MaKeePass */ = {
			isa = PBXNativeTarget;
			buildConfigurationList = 1CC87E0415F0B339000F968D /* Build configuration list for PBXNativeTarget "MaKeePass" */;
			buildPhases = (
				1CC87DE215F0B339000F968D /* Sources */,
				1CC87DE315F0B339000F968D /* Frameworks */,
				1CC87DE415F0B339000F968D /* Resources */,
			);
			buildRules = (
			);
			dependencies = (
			);
			name = MaKeePass;
			productName = MaKeePass;
			productReference = 1CC87DE615F0B339000F968D /* MaKeePass.app */;
			productType = "com.apple.product-type.application";
		};
/* End PBXNativeTarget section */

/* Begin PBXProject section */
		1CC87DDD15F0B338000F968D /* Project object */ = {
			isa = PBXProject;
			attributes = {
				LastUpgradeCheck = 0440;
				ORGANIZATIONNAME = "Waag Society";
			};
			buildConfigurationList = 1CC87DE015F0B338000F968D /* Build configuration list for PBXProject "MaKeePass" */;
			compatibilityVersion = "Xcode 3.2";
			developmentRegion = English;
			hasScannedForEncodings = 0;
			knownRegions = (
				en,
			);
			mainGroup = 1CC87DDB15F0B338000F968D;
			productRefGroup = 1CC87DE715F0B339000F968D /* Products */;
			projectDirPath = "";
			projectRoot = "";
			targets = (
				1CC87DE515F0B339000F968D /* MaKeePass */,
			);
		};
/* End PBXProject section */

/* Begin PBXResourcesBuildPhase section */
		1CC87DE415F0B339000F968D /* Resources */ = {
			isa = PBXResourcesBuildPhase;
			buildActionMask = 2147483647;
			files = (
				1CC87DF515F0B339000F968D /* InfoPlist.strings in Resources */,
				1CC87DFB15F0B339000F968D /* Credits.rtf in Resources */,
				1CC87E0115F0B339000F968D /* MainMenu.xib in Resources */,
				1CC87E1E15F0B4F0000F968D /* Panel.xib in Resources */,
				1CC87E2015F0B4F0000F968D /* Status.png in Resources */,
				1CC87E2115F0B4F0000F968D /* StatusHighlighted.png in Resources */,
				1C0DA3B916B2DE520024770E /* icon_256x256.png in Resources */,
				1C0DA3BC16B2E03B0024770E /* Key-icon.icns in Resources */,
			);
			runOnlyForDeploymentPostprocessing = 0;
		};
/* End PBXResourcesBuildPhase section */

/* Begin PBXSourcesBuildPhase section */
		1CC87DE215F0B339000F968D /* Sources */ = {
			isa = PBXSourcesBuildPhase;
			buildActionMask = 2147483647;
			files = (
				1CC87DF715F0B339000F968D /* main.m in Sources */,
				1CC87DFE15F0B339000F968D /* AppDelegate.m in Sources */,
				1CC87E1A15F0B4F0000F968D /* BackgroundView.m in Sources */,
				1CC87E1B15F0B4F0000F968D /* DDHotKeyCenter.m in Sources */,
				1CC87E1C15F0B4F0000F968D /* MenubarController.m in Sources */,
				1CC87E1D15F0B4F0000F968D /* Panel.m in Sources */,
				1CC87E1F15F0B4F0000F968D /* PanelController.m in Sources */,
				1CC87E2215F0B4F0000F968D /* StatusItemView.m in Sources */,
				1CC87E6D15F0B5A9000F968D /* AesInputStream.m in Sources */,
				1CC87E6E15F0B5A9000F968D /* AesOutputStream.m in Sources */,
				1CC87E6F15F0B5A9000F968D /* Arc4RandomStream.m in Sources */,
				1CC87E7015F0B5A9000F968D /* Base64.m in Sources */,
				1CC87E7115F0B5A9000F968D /* DataInputStream.m in Sources */,
				1CC87E7215F0B5A9000F968D /* DataOutputStream.m in Sources */,
				1CC87E7315F0B5A9000F968D /* FileInputStream.m in Sources */,
				1CC87E7415F0B5A9000F968D /* FileOutputStream.m in Sources */,
				1CC87E7515F0B5A9000F968D /* GZipInputStream.m in Sources */,
				1CC87E7615F0B5A9000F968D /* GZipOutputStream.m in Sources */,
				1CC87E7715F0B5A9000F968D /* HashedInputStream.m in Sources */,
				1CC87E7815F0B5A9000F968D /* HashedOutputStream.m in Sources */,
				1CC87E7915F0B5A9000F968D /* InputStream.m in Sources */,
				1CC87E7A15F0B5A9000F968D /* Kdb.m in Sources */,
				1CC87E7B15F0B5A9000F968D /* Kdb3Date.m in Sources */,
				1CC87E7C15F0B5A9000F968D /* Kdb3Node.m in Sources */,
				1CC87E7D15F0B5A9000F968D /* Kdb3Parser.m in Sources */,
				1CC87E7E15F0B5A9000F968D /* Kdb3Persist.m in Sources */,
				1CC87E7F15F0B5A9000F968D /* Kdb3Reader.m in Sources */,
				1CC87E8015F0B5A9000F968D /* Kdb3Writer.m in Sources */,
				1CC87E8115F0B5A9000F968D /* Kdb4Node.m in Sources */,
				1CC87E8215F0B5A9000F968D /* Kdb4Parser.m in Sources */,
				1CC87E8315F0B5A9000F968D /* Kdb4Persist.m in Sources */,
				1CC87E8415F0B5A9000F968D /* Kdb4Reader.m in Sources */,
				1CC87E8515F0B5A9000F968D /* Kdb4Writer.m in Sources */,
				1CC87E8615F0B5A9000F968D /* KdbPassword.m in Sources */,
				1CC87E8715F0B5A9000F968D /* KdbReaderFactory.m in Sources */,
				1CC87E8815F0B5A9000F968D /* KdbWriterFactory.m in Sources */,
				1CC87E8915F0B5A9000F968D /* OutputStream.m in Sources */,
				1CC87E8A15F0B5A9000F968D /* RandomStream.m in Sources */,
				1CC87E8B15F0B5A9000F968D /* Salsa20RandomStream.m in Sources */,
				1CC87E8C15F0B5A9000F968D /* Sha256OutputStream.m in Sources */,
				1CC87E8D15F0B5A9000F968D /* Utils.m in Sources */,
				1CC87E8E15F0B5A9000F968D /* UUID.m in Sources */,
				1CC87E9F15F0B64D000F968D /* DDXMLElementAdditions.m in Sources */,
				1CC87EA015F0B64D000F968D /* NSString+DDXML.m in Sources */,
				1CC87EA115F0B64D000F968D /* DDXMLDocument.m in Sources */,
				1CC87EA215F0B64D000F968D /* DDXMLElement.m in Sources */,
				1CC87EA315F0B64D000F968D /* DDXMLNode.m in Sources */,
				1C7EC0FF16106834004E345D /* ConfigView.m in Sources */,
			);
			runOnlyForDeploymentPostprocessing = 0;
		};
/* End PBXSourcesBuildPhase section */

/* Begin PBXVariantGroup section */
		1CC87DF315F0B339000F968D /* InfoPlist.strings */ = {
			isa = PBXVariantGroup;
			children = (
				1CC87DF415F0B339000F968D /* en */,
			);
			name = InfoPlist.strings;
			sourceTree = "<group>";
		};
		1CC87DF915F0B339000F968D /* Credits.rtf */ = {
			isa = PBXVariantGroup;
			children = (
				1CC87DFA15F0B339000F968D /* en */,
			);
			name = Credits.rtf;
			sourceTree = "<group>";
		};
		1CC87DFF15F0B339000F968D /* MainMenu.xib */ = {
			isa = PBXVariantGroup;
			children = (
				1CC87E0015F0B339000F968D /* en */,
			);
			name = MainMenu.xib;
			sourceTree = "<group>";
		};
/* End PBXVariantGroup section */

/* Begin XCBuildConfiguration section */
		1CC87E0215F0B339000F968D /* Debug */ = {
			isa = XCBuildConfiguration;
			buildSettings = {
				ALWAYS_SEARCH_USER_PATHS = NO;
				ARCHS = "$(ARCHS_STANDARD_64_BIT)";
				CLANG_CXX_LANGUAGE_STANDARD = "gnu++0x";
				CLANG_WARN__DUPLICATE_METHOD_MATCH = YES;
				COPY_PHASE_STRIP = NO;
				GCC_C_LANGUAGE_STANDARD = gnu99;
				GCC_DYNAMIC_NO_PIC = NO;
				GCC_ENABLE_OBJC_EXCEPTIONS = YES;
				GCC_OPTIMIZATION_LEVEL = 0;
				GCC_PREPROCESSOR_DEFINITIONS = (
					"DEBUG=1",
					"$(inherited)",
				);
				GCC_SYMBOLS_PRIVATE_EXTERN = NO;
				GCC_WARN_64_TO_32_BIT_CONVERSION = YES;
				GCC_WARN_ABOUT_RETURN_TYPE = YES;
				GCC_WARN_UNINITIALIZED_AUTOS = YES;
				GCC_WARN_UNUSED_VARIABLE = YES;
				MACOSX_DEPLOYMENT_TARGET = 10.7;
				ONLY_ACTIVE_ARCH = YES;
				SDKROOT = macosx;
			};
			name = Debug;
		};
		1CC87E0315F0B339000F968D /* Release */ = {
			isa = XCBuildConfiguration;
			buildSettings = {
				ALWAYS_SEARCH_USER_PATHS = NO;
				ARCHS = "$(ARCHS_STANDARD_64_BIT)";
				CLANG_CXX_LANGUAGE_STANDARD = "gnu++0x";
				CLANG_WARN__DUPLICATE_METHOD_MATCH = YES;
				COPY_PHASE_STRIP = YES;
				DEBUG_INFORMATION_FORMAT = "dwarf-with-dsym";
				GCC_C_LANGUAGE_STANDARD = gnu99;
				GCC_ENABLE_OBJC_EXCEPTIONS = YES;
				GCC_WARN_64_TO_32_BIT_CONVERSION = YES;
				GCC_WARN_ABOUT_RETURN_TYPE = YES;
				GCC_WARN_UNINITIALIZED_AUTOS = YES;
				GCC_WARN_UNUSED_VARIABLE = YES;
				MACOSX_DEPLOYMENT_TARGET = 10.7;
				SDKROOT = macosx;
			};
			name = Release;
		};
		1CC87E0515F0B339000F968D /* Debug */ = {
			isa = XCBuildConfiguration;
			buildSettings = {
				COMBINE_HIDPI_IMAGES = YES;
				GCC_PRECOMPILE_PREFIX_HEADER = YES;
				GCC_PREFIX_HEADER = "MaKeePass/MaKeePass-Prefix.pch";
				HEADER_SEARCH_PATHS = "$(SDKROOT)/usr/include/libxml2";
				"HEADER_SEARCH_PATHS[arch=*]" = "$(SDKROOT)/usr/include/libxml2";
				INFOPLIST_FILE = "MaKeePass/MaKeePass-Info.plist";
				OTHER_LDFLAGS = "-fobjc-arc";
				"OTHER_LDFLAGS[arch=*]" = "-fobjc-arc";
				PRODUCT_NAME = "$(TARGET_NAME)";
				WRAPPER_EXTENSION = app;
			};
			name = Debug;
		};
		1CC87E0615F0B339000F968D /* Release */ = {
			isa = XCBuildConfiguration;
			buildSettings = {
				COMBINE_HIDPI_IMAGES = YES;
				GCC_PRECOMPILE_PREFIX_HEADER = YES;
				GCC_PREFIX_HEADER = "MaKeePass/MaKeePass-Prefix.pch";
				HEADER_SEARCH_PATHS = "$(SDKROOT)/usr/include/libxml2";
				INFOPLIST_FILE = "MaKeePass/MaKeePass-Info.plist";
				OTHER_LDFLAGS = "-fobjc-arc";
				PRODUCT_NAME = "$(TARGET_NAME)";
				WRAPPER_EXTENSION = app;
			};
			name = Release;
		};
/* End XCBuildConfiguration section */

/* Begin XCConfigurationList section */
		1CC87DE015F0B338000F968D /* Build configuration list for PBXProject "MaKeePass" */ = {
			isa = XCConfigurationList;
			buildConfigurations = (
				1CC87E0215F0B339000F968D /* Debug */,
				1CC87E0315F0B339000F968D /* Release */,
			);
			defaultConfigurationIsVisible = 0;
			defaultConfigurationName = Release;
		};
		1CC87E0415F0B339000F968D /* Build configuration list for PBXNativeTarget "MaKeePass" */ = {
			isa = XCConfigurationList;
			buildConfigurations = (
				1CC87E0515F0B339000F968D /* Debug */,
				1CC87E0615F0B339000F968D /* Release */,
			);
			defaultConfigurationIsVisible = 0;
			defaultConfigurationName = Release;
		};
/* End XCConfigurationList section */
	};
	rootObject = 1CC87DDD15F0B338000F968D /* Project object */;
}
